
Microsoft Visual Studio Solution File, Format Version 12.00
# Visual Studio Version 17
VisualStudioVersion = 17.13.35828.75 d17.13
MinimumVisualStudioVersion = 10.0.40219.1
Project("{FAE04EC0-301F-11D3-BF4B-00C04F79EFBC}") = "WindowsFormsAppMetodosYListas", "WindowsFormsAppMetodosYListas\WindowsFormsAppMetodosYListas.csproj", "{9B0A546F-A453-4FE1-B1A8-32BD832FA4B6}"
EndProject
Global
	GlobalSection(SolutionConfigurationPlatforms) = preSolution
		Debug|Any CPU = Debug|Any CPU
		Release|Any CPU = Release|Any CPU
	EndGlobalSection
	GlobalSection(ProjectConfigurationPlatforms) = postSolution
		{9B0A546F-A453-4FE1-B1A8-32BD832FA4B6}.Debug|Any CPU.ActiveCfg = Debug|Any CPU
		{9B0A546F-A453-4FE1-B1A8-32BD832FA4B6}.Debug|Any CPU.Build.0 = Debug|Any CPU
		{9B0A546F-A453-4FE1-B1A8-32BD832FA4B6}.Release|Any CPU.ActiveCfg = Release|Any CPU
		{9B0A546F-A453-4FE1-B1A8-32BD832FA4B6}.Release|Any CPU.Build.0 = Release|Any CPU
	EndGlobalSection
	GlobalSection(SolutionProperties) = preSolution
		HideSolutionNode = FALSE
	EndGlobalSection
	GlobalSection(ExtensibilityGlobals) = postSolution
		SolutionGuid = {D85345A1-BC32-4E75-B288-67CC3F99F370}
	EndGlobalSection
EndGlobal
